
Microsoft Visual Studio Solution File, Format Version 12.00
# Visual Studio Version 17
VisualStudioVersion = 17.7.34031.279
MinimumVisualStudioVersion = 10.0.40219.1
Project("{FAE04EC0-301F-11D3-BF4B-00C04F79EFBC}") = "CSR", "CSR.csproj", "{9280FE51-6495-40B9-8753-6F8FE0C37E4B}"
EndProject
Global
	GlobalSection(SolutionConfigurationPlatforms) = preSolution
		Debug|Any CPU = Debug|Any CPU
		Release|Any CPU = Release|Any CPU
	EndGlobalSection
	GlobalSection(ProjectConfigurationPlatforms) = postSolution
		{9280FE51-6495-40B9-8753-6F8FE0C37E4B}.Debug|Any CPU.ActiveCfg = Debug|Any CPU
		{9280FE51-6495-40B9-8753-6F8FE0C37E4B}.Debug|Any CPU.Build.0 = Debug|Any CPU
		{9280FE51-6495-40B9-8753-6F8FE0C37E4B}.Release|Any CPU.ActiveCfg = Release|Any CPU
		{9280FE51-6495-40B9-8753-6F8FE0C37E4B}.Release|Any CPU.Build.0 = Release|Any CPU
	EndGlobalSection
	GlobalSection(SolutionProperties) = preSolution
		HideSolutionNode = FALSE
	EndGlobalSection
	GlobalSection(ExtensibilityGlobals) = postSolution
		SolutionGuid = {3D6C12EC-A1DF-4A68-BCE9-9577A0A59CC7}
	EndGlobalSection
EndGlobal
