
Microsoft Visual Studio Solution File, Format Version 12.00
# Visual Studio Version 17
VisualStudioVersion = 17.7.34031.279
MinimumVisualStudioVersion = 10.0.40219.1
Project("{9A19103F-16F7-4668-BE54-9A1E7A4F7556}") = "Calculator", "Calculator.csproj", "{DBBB2943-5365-4CCD-B2BD-577EFFB69928}"
EndProject
Global
	GlobalSection(SolutionConfigurationPlatforms) = preSolution
		Debug|Any CPU = Debug|Any CPU
		Release|Any CPU = Release|Any CPU
	EndGlobalSection
	GlobalSection(ProjectConfigurationPlatforms) = postSolution
		{DBBB2943-5365-4CCD-B2BD-577EFFB69928}.Debug|Any CPU.ActiveCfg = Debug|Any CPU
		{DBBB2943-5365-4CCD-B2BD-577EFFB69928}.Debug|Any CPU.Build.0 = Debug|Any CPU
		{DBBB2943-5365-4CCD-B2BD-577EFFB69928}.Release|Any CPU.ActiveCfg = Release|Any CPU
		{DBBB2943-5365-4CCD-B2BD-577EFFB69928}.Release|Any CPU.Build.0 = Release|Any CPU
	EndGlobalSection
	GlobalSection(SolutionProperties) = preSolution
		HideSolutionNode = FALSE
	EndGlobalSection
	GlobalSection(ExtensibilityGlobals) = postSolution
		SolutionGuid = {ACB3531A-A00C-4A78-A54F-5F5A0BE2B6D5}
	EndGlobalSection
EndGlobal
