
Microsoft Visual Studio Solution File, Format Version 12.00
# Visual Studio Version 17
VisualStudioVersion = 17.7.34031.279
MinimumVisualStudioVersion = 10.0.40219.1
Project("{FAE04EC0-301F-11D3-BF4B-00C04F79EFBC}") = "BinarySearch", "BinarySearch.csproj", "{F748EA6B-4492-4BEA-A391-5EAD5EE89143}"
EndProject
Global
	GlobalSection(SolutionConfigurationPlatforms) = preSolution
		Debug|Any CPU = Debug|Any CPU
		Release|Any CPU = Release|Any CPU
	EndGlobalSection
	GlobalSection(ProjectConfigurationPlatforms) = postSolution
		{F748EA6B-4492-4BEA-A391-5EAD5EE89143}.Debug|Any CPU.ActiveCfg = Debug|Any CPU
		{F748EA6B-4492-4BEA-A391-5EAD5EE89143}.Debug|Any CPU.Build.0 = Debug|Any CPU
		{F748EA6B-4492-4BEA-A391-5EAD5EE89143}.Release|Any CPU.ActiveCfg = Release|Any CPU
		{F748EA6B-4492-4BEA-A391-5EAD5EE89143}.Release|Any CPU.Build.0 = Release|Any CPU
	EndGlobalSection
	GlobalSection(SolutionProperties) = preSolution
		HideSolutionNode = FALSE
	EndGlobalSection
	GlobalSection(ExtensibilityGlobals) = postSolution
		SolutionGuid = {A32A76A0-BF82-4DEA-A047-0C38EB4126BC}
	EndGlobalSection
EndGlobal
